// !$*UTF8*$!
{
	archiveVersion = 1;
	classes = {
	};
	objectVersion = 77;
	objects = {

/* Begin PBXContainerItemProxy section */
		10554B8C2F9349E9006BCA05 /* PBXContainerItemProxy */ = {
			isa = PBXContainerItemProxy;
			containerPortal = 10554B752F9349E3006BCA05 /* Project object */;
			proxyType = 1;
			remoteGlobalIDString = 10554B7C2F9349E3006BCA05;
			remoteInfo = BatteryBar;
		};
		10554B962F9349E9006BCA05 /* PBXContainerItemProxy */ = {
			isa = PBXContainerItemProxy;
			containerPortal = 10554B752F9349E3006BCA05 /* Project object */;
			proxyType = 1;
			remoteGlobalIDString = 10554B7C2F9349E3006BCA05;
			remoteInfo = BatteryBar;
		};
/* End PBXContainerItemProxy section */

/* Begin PBXFileReference section */
		10554B7D2F9349E3006BCA05 /* BatteryBar.app */ = {isa = PBXFileReference; explicitFileType = wrapper.application; includeInIndex = 0; path = BatteryBar.app; sourceTree = BUILT_PRODUCTS_DIR; };
		10554B8B2F9349E9006BCA05 /* BatteryBarTests.xctest */ = {isa = PBXFileReference; explicitFileType = wrapper.cfbundle; includeInIndex = 0; path = BatteryBarTests.xctest; sourceTree = BUILT_PRODUCTS_DIR; };
		10554B952F9349E9006BCA05 /* BatteryBarUITests.xctest */ = {isa = PBXFileReference; explicitFileType = wrapper.cfbundle; includeInIndex = 0; path = BatteryBarUITests.xctest; sourceTree = BUILT_PRODUCTS_DIR; };
/* End PBXFileReference section */

/* Begin PBXFileSystemSynchronizedRootGroup section */
		10554B7F2F9349E3006BCA05 /* BatteryBar */ = {
			isa = PBXFileSystemSynchronizedRootGroup;
			path = BatteryBar;
			sourceTree = "<group>";
		};
		10554B8E2F9349E9006BCA05 /* BatteryBarTests */ = {
			isa = PBXFileSystemSynchronizedRootGroup;
			path = BatteryBarTests;
			sourceTree = "<group>";
		};
		10554B982F9349E9006BCA05 /* BatteryBarUITests */ = {
			isa = PBXFileSystemSynchronizedRootGroup;
			path = BatteryBarUITests;
			sourceTree = "<group>";
		};
/* End PBXFileSystemSynchronizedRootGroup section */

/* Begin PBXFrameworksBuildPhase section */
		10554B7A2F9349E3006BCA05 /* Frameworks */ = {
			isa = PBXFrameworksBuildPhase;
			buildActionMask = 2147483647;
			files = (
			);
			runOnlyForDeploymentPostprocessing = 0;
		};
		10554B882F9349E9006BCA05 /* Frameworks */ = {
			isa = PBXFrameworksBuildPhase;
			buildActionMask = 2147483647;
			files = (
			);
			runOnlyForDeploymentPostprocessing = 0;
		};
		10554B922F9349E9006BCA05 /* Frameworks */ = {
			isa = PBXFrameworksBuildPhase;
			buildActionMask = 2147483647;
			files = (
			);
			runOnlyForDeploymentPostprocessing = 0;
		};
/* End PBXFrameworksBuildPhase section */

/* Begin PBXGroup section */
		10554B742F9349E3006BCA05 = {
			isa = PBXGroup;
			children = (
				10554B7F2F9349E3006BCA05 /* BatteryBar */,
				10554B8E2F9349E9006BCA05 /* BatteryBarTests */,
				10554B982F9349E9006BCA05 /* BatteryBarUITests */,
				10554B7E2F9349E3006BCA05 /* Products */,
			);
			sourceTree = "<group>";
		};
		10554B7E2F9349E3006BCA05 /* Products */ = {
			isa = PBXGroup;
			children = (
				10554B7D2F9349E3006BCA05 /* BatteryBar.app */,
				10554B8B2F9349E9006BCA05 /* BatteryBarTests.xctest */,
				10554B952F9349E9006BCA05 /* BatteryBarUITests.xctest */,
			);
			name = Products;
			sourceTree = "<group>";
		};
/* End PBXGroup section */

/* Begin PBXNativeTarget section */
		10554B7C2F9349E3006BCA05 /* BatteryBar */ = {
			isa = PBXNativeTarget;
			buildConfigurationList = 10554B9F2F9349E9006BCA05 /* Build configuration list for PBXNativeTarget "BatteryBar" */;
			buildPhases = (
				10554B792F9349E3006BCA05 /* Sources */,
				10554B7A2F9349E3006BCA05 /* Frameworks */,
				10554B7B2F9349E3006BCA05 /* Resources */,
			);
			buildRules = (
			);
			dependencies = (
			);
			fileSystemSynchronizedGroups = (
				10554B7F2F9349E3006BCA05 /* BatteryBar */,
			);
			name = BatteryBar;
			packageProductDependencies = (
			);
			productName = BatteryBar;
			productReference = 10554B7D2F9349E3006BCA05 /* BatteryBar.app */;
			productType = "com.apple.product-type.application";
		};
		10554B8A2F9349E9006BCA05 /* BatteryBarTests */ = {
			isa = PBXNativeTarget;
			buildConfigurationList = 10554BA22F9349E9006BCA05 /* Build configuration list for PBXNativeTarget "BatteryBarTests" */;
			buildPhases = (
				10554B872F9349E9006BCA05 /* Sources */,
				10554B882F9349E9006BCA05 /* Frameworks */,
				10554B892F9349E9006BCA05 /* Resources */,
			);
			buildRules = (
			);
			dependencies = (
				10554B8D2F9349E9006BCA05 /* PBXTargetDependency */,
			);
			fileSystemSynchronizedGroups = (
				10554B8E2F9349E9006BCA05 /* BatteryBarTests */,
			);
			name = BatteryBarTests;
			packageProductDependencies = (
			);
			productName = BatteryBarTests;
			productReference = 10554B8B2F9349E9006BCA05 /* BatteryBarTests.xctest */;
			productType = "com.apple.product-type.bundle.unit-test";
		};
		10554B942F9349E9006BCA05 /* BatteryBarUITests */ = {
			isa = PBXNativeTarget;
			buildConfigurationList = 10554BA52F9349E9006BCA05 /* Build configuration list for PBXNativeTarget "BatteryBarUITests" */;
			buildPhases = (
				10554B912F9349E9006BCA05 /* Sources */,
				10554B922F9349E9006BCA05 /* Frameworks */,
				10554B932F9349E9006BCA05 /* Resources */,
			);
			buildRules = (
			);
			dependencies = (
				10554B972F9349E9006BCA05 /* PBXTargetDependency */,
			);
			fileSystemSynchronizedGroups = (
				10554B982F9349E9006BCA05 /* BatteryBarUITests */,
			);
			name = BatteryBarUITests;
			packageProductDependencies = (
			);
			productName = BatteryBarUITests;
			productReference = 10554B952F9349E9006BCA05 /* BatteryBarUITests.xctest */;
			productType = "com.apple.product-type.bundle.ui-testing";
		};
/* End PBXNativeTarget section */

/* Begin PBXProject section */
		10554B752F9349E3006BCA05 /* Project object */ = {
			isa = PBXProject;
			attributes = {
				BuildIndependentTargetsInParallel = 1;
				LastSwiftUpdateCheck = 1640;
				LastUpgradeCheck = 1640;
				TargetAttributes = {
					10554B7C2F9349E3006BCA05 = {
						CreatedOnToolsVersion = 16.4;
					};
					10554B8A2F9349E9006BCA05 = {
						CreatedOnToolsVersion = 16.4;
						TestTargetID = 10554B7C2F9349E3006BCA05;
					};
					10554B942F9349E9006BCA05 = {
						CreatedOnToolsVersion = 16.4;
						TestTargetID = 10554B7C2F9349E3006BCA05;
					};
				};
			};
			buildConfigurationList = 10554B782F9349E3006BCA05 /* Build configuration list for PBXProject "BatteryBar" */;
			developmentRegion = en;
			hasScannedForEncodings = 0;
			knownRegions = (
				en,
				Base,
			);
			mainGroup = 10554B742F9349E3006BCA05;
			minimizedProjectReferenceProxies = 1;
			preferredProjectObjectVersion = 77;
			productRefGroup = 10554B7E2F9349E3006BCA05 /* Products */;
			projectDirPath = "";
			projectRoot = "";
			targets = (
				10554B7C2F9349E3006BCA05 /* BatteryBar */,
				10554B8A2F9349E9006BCA05 /* BatteryBarTests */,
				10554B942F9349E9006BCA05 /* BatteryBarUITests */,
			);
		};
/* End PBXProject section */

/* Begin PBXResourcesBuildPhase section */
		10554B7B2F9349E3006BCA05 /* Resources */ = {
			isa = PBXResourcesBuildPhase;
			buildActionMask = 2147483647;
			files = (
			);
			runOnlyForDeploymentPostprocessing = 0;
		};
		10554B892F9349E9006BCA05 /* Resources */ = {
			isa = PBXResourcesBuildPhase;
			buildActionMask = 2147483647;
			files = (
			);
			runOnlyForDeploymentPostprocessing = 0;
		};
		10554B932F9349E9006BCA05 /* Resources */ = {
			isa = PBXResourcesBuildPhase;
			buildActionMask = 2147483647;
			files = (
			);
			runOnlyForDeploymentPostprocessing = 0;
		};
/* End PBXResourcesBuildPhase section */

/* Begin PBXSourcesBuildPhase section */
		10554B792F9349E3006BCA05 /* Sources */ = {
			isa = PBXSourcesBuildPhase;
			buildActionMask = 2147483647;
			files = (
			);
			runOnlyForDeploymentPostprocessing = 0;
		};
		10554B872F9349E9006BCA05 /* Sources */ = {
			isa = PBXSourcesBuildPhase;
			buildActionMask = 2147483647;
			files = (
			);
			runOnlyForDeploymentPostprocessing = 0;
		};
		10554B912F9349E9006BCA05 /* Sources */ = {
			isa = PBXSourcesBuildPhase;
			buildActionMask = 2147483647;
			files = (
			);
			runOnlyForDeploymentPostprocessing = 0;
		};
/* End PBXSourcesBuildPhase section */

/* Begin PBXTargetDependency section */
		10554B8D2F9349E9006BCA05 /* PBXTargetDependency */ = {
			isa = PBXTargetDependency;
			target = 10554B7C2F9349E3006BCA05 /* BatteryBar */;
			targetProxy = 10554B8C2F9349E9006BCA05 /* PBXContainerItemProxy */;
		};
		10554B972F9349E9006BCA05 /* PBXTargetDependency */ = {
			isa = PBXTargetDependency;
			target = 10554B7C2F9349E3006BCA05 /* BatteryBar */;
			targetProxy = 10554B962F9349E9006BCA05 /* PBXContainerItemProxy */;
		};
/* End PBXTargetDependency section */

/* Begin XCBuildConfiguration section */
		10554B9D2F9349E9006BCA05 /* Debug */ = {
			isa = XCBuildConfiguration;
			buildSettings = {
				ALWAYS_SEARCH_USER_PATHS = NO;
				ASSETCATALOG_COMPILER_GENERATE_SWIFT_ASSET_SYMBOL_EXTENSIONS = YES;
				CLANG_ANALYZER_NONNULL = YES;
				CLANG_ANALYZER_NUMBER_OBJECT_CONVERSION = YES_AGGRESSIVE;
				CLANG_CXX_LANGUAGE_STANDARD = "gnu++20";
				CLANG_ENABLE_MODULES = YES;
				CLANG_ENABLE_OBJC_ARC = YES;
				CLANG_ENABLE_OBJC_WEAK = YES;
				CLANG_WARN_BLOCK_CAPTURE_AUTORELEASING = YES;
				CLANG_WARN_BOOL_CONVERSION = YES;
				CLANG_WARN_COMMA = YES;
				CLANG_WARN_CONSTANT_CONVERSION = YES;
				CLANG_WARN_DEPRECATED_OBJC_IMPLEMENTATIONS = YES;
				CLANG_WARN_DIRECT_OBJC_ISA_USAGE = YES_ERROR;
				CLANG_WARN_DOCUMENTATION_COMMENTS = YES;
				CLANG_WARN_EMPTY_BODY = YES;
				CLANG_WARN_ENUM_CONVERSION = YES;
				CLANG_WARN_INFINITE_RECURSION = YES;
				CLANG_WARN_INT_CONVERSION = YES;
				CLANG_WARN_NON_LITERAL_NULL_CONVERSION = YES;
				CLANG_WARN_OBJC_IMPLICIT_RETAIN_SELF = YES;
				CLANG_WARN_OBJC_LITERAL_CONVERSION = YES;
				CLANG_WARN_OBJC_ROOT_CLASS = YES_ERROR;
				CLANG_WARN_QUOTED_INCLUDE_IN_FRAMEWORK_HEADER = YES;
				CLANG_WARN_RANGE_LOOP_ANALYSIS = YES;
				CLANG_WARN_STRICT_PROTOTYPES = YES;
				CLANG_WARN_SUSPICIOUS_MOVE = YES;
				CLANG_WARN_UNGUARDED_AVAILABILITY = YES_AGGRESSIVE;
				CLANG_WARN_UNREACHABLE_CODE = YES;
				CLANG_WARN__DUPLICATE_METHOD_MATCH = YES;
				COPY_PHASE_STRIP = NO;
				DEBUG_INFORMATION_FORMAT = dwarf;
				ENABLE_STRICT_OBJC_MSGSEND = YES;
				ENABLE_TESTABILITY = YES;
				ENABLE_USER_SCRIPT_SANDBOXING = YES;
				GCC_C_LANGUAGE_STANDARD = gnu17;
				GCC_DYNAMIC_NO_PIC = NO;
				GCC_NO_COMMON_BLOCKS = YES;
				GCC_OPTIMIZATION_LEVEL = 0;
				GCC_PREPROCESSOR_DEFINITIONS = (
					"DEBUG=1",
					"$(inherited)",
				);
				GCC_WARN_64_TO_32_BIT_CONVERSION = YES;
				GCC_WARN_ABOUT_RETURN_TYPE = YES_ERROR;
				GCC_WARN_UNDECLARED_SELECTOR = YES;
				GCC_WARN_UNINITIALIZED_AUTOS = YES_AGGRESSIVE;
				GCC_WARN_UNUSED_FUNCTION = YES;
				GCC_WARN_UNUSED_VARIABLE = YES;
				LOCALIZATION_PREFERS_STRING_CATALOGS = YES;
				MACOSX_DEPLOYMENT_TARGET = 15.5;
				MTL_ENABLE_DEBUG_INFO = INCLUDE_SOURCE;
				MTL_FAST_MATH = YES;
				ONLY_ACTIVE_ARCH = YES;
				SDKROOT = macosx;
				SWIFT_ACTIVE_COMPILATION_CONDITIONS = "DEBUG $(inherited)";
				SWIFT_OPTIMIZATION_LEVEL = "-Onone";
			};
			name = Debug;
		};
		10554B9E2F9349E9006BCA05 /* Release */ = {
			isa = XCBuildConfiguration;
			buildSettings = {
				ALWAYS_SEARCH_USER_PATHS = NO;
				ASSETCATALOG_COMPILER_GENERATE_SWIFT_ASSET_SYMBOL_EXTENSIONS = YES;
				CLANG_ANALYZER_NONNULL = YES;
				CLANG_ANALYZER_NUMBER_OBJECT_CONVERSION = YES_AGGRESSIVE;
				CLANG_CXX_LANGUAGE_STANDARD = "gnu++20";
				CLANG_ENABLE_MODULES = YES;
				CLANG_ENABLE_OBJC_ARC = YES;
				CLANG_ENABLE_OBJC_WEAK = YES;
				CLANG_WARN_BLOCK_CAPTURE_AUTORELEASING = YES;
				CLANG_WARN_BOOL_CONVERSION = YES;
				CLANG_WARN_COMMA = YES;
				CLANG_WARN_CONSTANT_CONVERSION = YES;
				CLANG_WARN_DEPRECATED_OBJC_IMPLEMENTATIONS = YES;
				CLANG_WARN_DIRECT_OBJC_ISA_USAGE = YES_ERROR;
				CLANG_WARN_DOCUMENTATION_COMMENTS = YES;
				CLANG_WARN_EMPTY_BODY = YES;
				CLANG_WARN_ENUM_CONVERSION = YES;
				CLANG_WARN_INFINITE_RECURSION = YES;
				CLANG_WARN_INT_CONVERSION = YES;
				CLANG_WARN_NON_LITERAL_NULL_CONVERSION = YES;
				CLANG_WARN_OBJC_IMPLICIT_RETAIN_SELF = YES;
				CLANG_WARN_OBJC_LITERAL_CONVERSION = YES;
				CLANG_WARN_OBJC_ROOT_CLASS = YES_ERROR;
				CLANG_WARN_QUOTED_INCLUDE_IN_FRAMEWORK_HEADER = YES;
				CLANG_WARN_RANGE_LOOP_ANALYSIS = YES;
				CLANG_WARN_STRICT_PROTOTYPES = YES;
				CLANG_WARN_SUSPICIOUS_MOVE = YES;
				CLANG_WARN_UNGUARDED_AVAILABILITY = YES_AGGRESSIVE;
				CLANG_WARN_UNREACHABLE_CODE = YES;
				CLANG_WARN__DUPLICATE_METHOD_MATCH = YES;
				COPY_PHASE_STRIP = NO;
				DEBUG_INFORMATION_FORMAT = "dwarf-with-dsym";
				ENABLE_NS_ASSERTIONS = NO;
				ENABLE_STRICT_OBJC_MSGSEND = YES;
				ENABLE_USER_SCRIPT_SANDBOXING = YES;
				GCC_C_LANGUAGE_STANDARD = gnu17;
				GCC_NO_COMMON_BLOCKS = YES;
				GCC_WARN_64_TO_32_BIT_CONVERSION = YES;
				GCC_WARN_ABOUT_RETURN_TYPE = YES_ERROR;
				GCC_WARN_UNDECLARED_SELECTOR = YES;
				GCC_WARN_UNINITIALIZED_AUTOS = YES_AGGRESSIVE;
				GCC_WARN_UNUSED_FUNCTION = YES;
				GCC_WARN_UNUSED_VARIABLE = YES;
				LOCALIZATION_PREFERS_STRING_CATALOGS = YES;
				MACOSX_DEPLOYMENT_TARGET = 15.5;
				MTL_ENABLE_DEBUG_INFO = NO;
				MTL_FAST_MATH = YES;
				SDKROOT = macosx;
				SWIFT_COMPILATION_MODE = wholemodule;
			};
			name = Release;
		};
		10554BA02F9349E9006BCA05 /* Debug */ = {
			isa = XCBuildConfiguration;
			buildSettings = {
				ASSETCATALOG_COMPILER_APPICON_NAME = AppIcon;
				ASSETCATALOG_COMPILER_GLOBAL_ACCENT_COLOR_NAME = AccentColor;
				CODE_SIGN_ENTITLEMENTS = BatteryBar/BatteryBar.entitlements;
				CODE_SIGN_STYLE = Automatic;
				COMBINE_HIDPI_IMAGES = YES;
				CURRENT_PROJECT_VERSION = 1;
				ENABLE_PREVIEWS = YES;
				GENERATE_INFOPLIST_FILE = YES;
				INFOPLIST_KEY_LSUIElement = YES;
				INFOPLIST_KEY_NSBluetoothAlwaysUsageDescription = "Bluetooth デバイスのバッテリー残量を取得するために使用します。";
				INFOPLIST_KEY_NSHumanReadableCopyright = "";
				LD_RUNPATH_SEARCH_PATHS = (
					"$(inherited)",
					"@executable_path/../Frameworks",
				);
				MARKETING_VERSION = 1.0;
				PRODUCT_BUNDLE_IDENTIFIER = com.penguin4glte.BatteryBar;
				PRODUCT_NAME = "$(TARGET_NAME)";
				REGISTER_APP_GROUPS = YES;
				SWIFT_EMIT_LOC_STRINGS = YES;
				SWIFT_VERSION = 5.0;
			};
			name = Debug;
		};
		10554BA12F9349E9006BCA05 /* Release */ = {
			isa = XCBuildConfiguration;
			buildSettings = {
				ASSETCATALOG_COMPILER_APPICON_NAME = AppIcon;
				ASSETCATALOG_COMPILER_GLOBAL_ACCENT_COLOR_NAME = AccentColor;
				CODE_SIGN_ENTITLEMENTS = BatteryBar/BatteryBar.entitlements;
				CODE_SIGN_STYLE = Automatic;
				COMBINE_HIDPI_IMAGES = YES;
				CURRENT_PROJECT_VERSION = 1;
				ENABLE_PREVIEWS = YES;
				GENERATE_INFOPLIST_FILE = YES;
				INFOPLIST_KEY_LSUIElement = YES;
				INFOPLIST_KEY_NSBluetoothAlwaysUsageDescription = "Bluetooth デバイスのバッテリー残量を取得するために使用します。";
				INFOPLIST_KEY_NSHumanReadableCopyright = "";
				LD_RUNPATH_SEARCH_PATHS = (
					"$(inherited)",
					"@executable_path/../Frameworks",
				);
				MARKETING_VERSION = 1.0;
				PRODUCT_BUNDLE_IDENTIFIER = com.penguin4glte.BatteryBar;
				PRODUCT_NAME = "$(TARGET_NAME)";
				REGISTER_APP_GROUPS = YES;
				SWIFT_EMIT_LOC_STRINGS = YES;
				SWIFT_VERSION = 5.0;
			};
			name = Release;
		};
		10554BA32F9349E9006BCA05 /* Debug */ = {
			isa = XCBuildConfiguration;
			buildSettings = {
				BUNDLE_LOADER = "$(TEST_HOST)";
				CODE_SIGN_STYLE = Automatic;
				CURRENT_PROJECT_VERSION = 1;
				GENERATE_INFOPLIST_FILE = YES;
				MACOSX_DEPLOYMENT_TARGET = 15.5;
				MARKETING_VERSION = 1.0;
				PRODUCT_BUNDLE_IDENTIFIER = com.penguin4glte.BatteryBarTests;
				PRODUCT_NAME = "$(TARGET_NAME)";
				SWIFT_EMIT_LOC_STRINGS = NO;
				SWIFT_VERSION = 5.0;
				TEST_HOST = "$(BUILT_PRODUCTS_DIR)/BatteryBar.app/$(BUNDLE_EXECUTABLE_FOLDER_PATH)/BatteryBar";
			};
			name = Debug;
		};
		10554BA42F9349E9006BCA05 /* Release */ = {
			isa = XCBuildConfiguration;
			buildSettings = {
				BUNDLE_LOADER = "$(TEST_HOST)";
				CODE_SIGN_STYLE = Automatic;
				CURRENT_PROJECT_VERSION = 1;
				GENERATE_INFOPLIST_FILE = YES;
				MACOSX_DEPLOYMENT_TARGET = 15.5;
				MARKETING_VERSION = 1.0;
				PRODUCT_BUNDLE_IDENTIFIER = com.penguin4glte.BatteryBarTests;
				PRODUCT_NAME = "$(TARGET_NAME)";
				SWIFT_EMIT_LOC_STRINGS = NO;
				SWIFT_VERSION = 5.0;
				TEST_HOST = "$(BUILT_PRODUCTS_DIR)/BatteryBar.app/$(BUNDLE_EXECUTABLE_FOLDER_PATH)/BatteryBar";
			};
			name = Release;
		};
		10554BA62F9349E9006BCA05 /* Debug */ = {
			isa = XCBuildConfiguration;
			buildSettings = {
				CODE_SIGN_STYLE = Automatic;
				CURRENT_PROJECT_VERSION = 1;
				GENERATE_INFOPLIST_FILE = YES;
				MARKETING_VERSION = 1.0;
				PRODUCT_BUNDLE_IDENTIFIER = com.penguin4glte.BatteryBarUITests;
				PRODUCT_NAME = "$(TARGET_NAME)";
				SWIFT_EMIT_LOC_STRINGS = NO;
				SWIFT_VERSION = 5.0;
				TEST_TARGET_NAME = BatteryBar;
			};
			name = Debug;
		};
		10554BA72F9349E9006BCA05 /* Release */ = {
			isa = XCBuildConfiguration;
			buildSettings = {
				CODE_SIGN_STYLE = Automatic;
				CURRENT_PROJECT_VERSION = 1;
				GENERATE_INFOPLIST_FILE = YES;
				MARKETING_VERSION = 1.0;
				PRODUCT_BUNDLE_IDENTIFIER = com.penguin4glte.BatteryBarUITests;
				PRODUCT_NAME = "$(TARGET_NAME)";
				SWIFT_EMIT_LOC_STRINGS = NO;
				SWIFT_VERSION = 5.0;
				TEST_TARGET_NAME = BatteryBar;
			};
			name = Release;
		};
/* End XCBuildConfiguration section */

/* Begin XCConfigurationList section */
		10554B782F9349E3006BCA05 /* Build configuration list for PBXProject "BatteryBar" */ = {
			isa = XCConfigurationList;
			buildConfigurations = (
				10554B9D2F9349E9006BCA05 /* Debug */,
				10554B9E2F9349E9006BCA05 /* Release */,
			);
			defaultConfigurationIsVisible = 0;
			defaultConfigurationName = Release;
		};
		10554B9F2F9349E9006BCA05 /* Build configuration list for PBXNativeTarget "BatteryBar" */ = {
			isa = XCConfigurationList;
			buildConfigurations = (
				10554BA02F9349E9006BCA05 /* Debug */,
				10554BA12F9349E9006BCA05 /* Release */,
			);
			defaultConfigurationIsVisible = 0;
			defaultConfigurationName = Release;
		};
		10554BA22F9349E9006BCA05 /* Build configuration list for PBXNativeTarget "BatteryBarTests" */ = {
			isa = XCConfigurationList;
			buildConfigurations = (
				10554BA32F9349E9006BCA05 /* Debug */,
				10554BA42F9349E9006BCA05 /* Release */,
			);
			defaultConfigurationIsVisible = 0;
			defaultConfigurationName = Release;
		};
		10554BA52F9349E9006BCA05 /* Build configuration list for PBXNativeTarget "BatteryBarUITests" */ = {
			isa = XCConfigurationList;
			buildConfigurations = (
				10554BA62F9349E9006BCA05 /* Debug */,
				10554BA72F9349E9006BCA05 /* Release */,
			);
			defaultConfigurationIsVisible = 0;
			defaultConfigurationName = Release;
		};
/* End XCConfigurationList section */
	};
	rootObject = 10554B752F9349E3006BCA05 /* Project object */;
}
